#MicroXplorer Configuration settings - do not modify
Mcu.Family=STM32F7
ProjectManager.MainLocation=Core/Src
RCC.I2SFreq_Value=96000000
ProjectManager.ProjectFileName=powerstep01.ioc
RCC.SAI1Freq_Value=96000000
ProjectManager.KeepUserCode=true
Mcu.UserName=STM32F723IEKx
Mcu.PinsNb=10
SPI1.VirtualType=VM_MASTER
ProjectManager.NoMain=false
SPI1.IPParameters=VirtualType,Mode,Direction,CalculateBaudRate,DataSize,BaudRatePrescaler
USART6.IPParameters=VirtualMode-Asynchronous
RCC.PLLCLKFreq_Value=96000000
RCC.PLLQCLKFreq_Value=96000000
PC7.Locked=true
ProjectManager.functionlistsort=1-MX_GPIO_Init-GPIO-false-HAL-true,2-SystemClock_Config-RCC-false-HAL-false,3-MX_SPI1_Init-SPI1-false-HAL-true,4-MX_USART6_UART_Init-USART6-false-HAL-true,0-MX_CORTEX_M7_Init-CORTEX_M7-false-HAL-true
PC6.Signal=USART6_TX
ProjectManager.DefaultFWLocation=true
RCC.PLLI2SRCLKFreq_Value=96000000
ProjectManager.DeletePrevious=true
PinOutPanel.RotationAngle=0
PinOutPanel.CurrentBGAView=Top
RCC.FamilyName=M
TIM12.Pulse-PWM\ Generation1\ CH1=100
ProjectManager.StackSize=0x400
Mcu.IP4=SYS
Mcu.IP5=TIM12
NVIC.SVCall_IRQn=true\:0\:0\:false\:false\:true\:false\:false
Mcu.IP2=RCC
Mcu.IP3=SPI1
Mcu.IP0=CORTEX_M7
Mcu.IP1=NVIC
PE4.GPIOParameters=GPIO_Label
Mcu.UserConstants=
ProjectManager.TargetToolchain=STM32CubeIDE
RCC.SDMMCFreq_Value=16000000
Mcu.ThirdPartyNb=0
SPI1.Direction=SPI_DIRECTION_2LINES
PC6.Mode=Asynchronous
Mcu.IPNb=7
ProjectManager.PreviousToolchain=
PC6.Locked=true
PC7.Signal=USART6_RX
PE4.Locked=true
SPI1.CalculateBaudRate=500.0 KBits/s
Mcu.Pin6=PA1
RCC.SAI2Freq_Value=96000000
Mcu.Pin7=PA5
USART6.VirtualMode-Asynchronous=VM_ASYNC
ProjectManager.RegisterCallBack=
Mcu.Pin8=VP_SYS_VS_Systick
RCC.USBFreq_Value=96000000
Mcu.Pin9=VP_TIM12_VS_ClockSourceINT
RCC.VCOSAIOutputFreq_Value=192000000
RCC.PLLSAIoutputFreq_Value=96000000
RCC.LSE_VALUE=32768
PA1.Signal=GPIO_Output
Mcu.Pin0=PB5
Mcu.Pin1=PB4
Mcu.Pin2=PE4
Mcu.Pin3=PC7
Mcu.Pin4=PC6
RCC.VCOI2SOutputFreq_Value=192000000
Mcu.Pin5=PH6
PA5.Signal=SPI1_SCK
ProjectManager.ProjectBuild=false
RCC.HSE_VALUE=25000000
NVIC.UsageFault_IRQn=true\:0\:0\:false\:false\:true\:false\:false
NVIC.DebugMonitor_IRQn=true\:0\:0\:false\:false\:true\:false\:false
RCC.PLLSAIPCLKFreq_Value=96000000
board=custom
RCC.VCOOutputFreq_Value=192000000
NVIC.SysTick_IRQn=true\:0\:0\:false\:false\:true\:false\:true
ProjectManager.LastFirmware=true
TIM12.Period=200
ProjectManager.FirmwarePackage=STM32Cube FW_F7 V1.16.1
SH.S_TIM12_CH1.ConfNb=1
TIM12.Channel-PWM\ Generation1\ CH1=TIM_CHANNEL_1
MxDb.Version=DB.6.0.20
PA1.GPIOParameters=GPIO_Label
PB4.Mode=Full_Duplex_Master
ProjectManager.BackupPrevious=false
MxCube.Version=6.2.0
RCC.VCOInputFreq_Value=1000000
SH.S_TIM12_CH1.0=TIM12_CH1,PWM Generation1 CH1
SPI1.Mode=SPI_MODE_MASTER
VP_TIM12_VS_ClockSourceINT.Signal=TIM12_VS_ClockSourceINT
RCC.RNGFreq_Value=96000000
PB5.Mode=Full_Duplex_Master
SPI1.DataSize=SPI_DATASIZE_8BIT
File.Version=6
VP_SYS_VS_Systick.Mode=SysTick
PA1.GPIO_Label=CS
PE4.GPIO_Label=RST
NVIC.NonMaskableInt_IRQn=true\:0\:0\:false\:false\:true\:false\:false
VP_TIM12_VS_ClockSourceINT.Mode=Internal
NVIC.PendSV_IRQn=true\:0\:0\:false\:false\:true\:false\:false
ProjectManager.FreePins=false
RCC.IPParameters=FamilyName,HSE_VALUE,HSI_VALUE,I2SFreq_Value,LSE_VALUE,LSI_VALUE,PLLCLKFreq_Value,PLLI2SQCLKFreq_Value,PLLI2SRCLKFreq_Value,PLLQCLKFreq_Value,PLLSAIPCLKFreq_Value,PLLSAIQCLKFreq_Value,PLLSAIoutputFreq_Value,RNGFreq_Value,SAI1Freq_Value,SAI2Freq_Value,SDMMC2Freq_Value,SDMMCFreq_Value,USBFreq_Value,VCOI2SOutputFreq_Value,VCOInputFreq_Value,VCOOutputFreq_Value,VCOSAIOutputFreq_Value
PE4.Signal=GPIO_Output
ProjectManager.AskForMigrate=true
Mcu.Name=STM32F723I(C-E)Kx
RCC.PLLI2SQCLKFreq_Value=96000000
ProjectManager.HalAssertFull=false
ProjectManager.ProjectName=powerstep01
ProjectManager.UnderRoot=true
Mcu.IP6=USART6
ProjectManager.CoupleFile=false
Mcu.Package=UFBGA176
PB5.Signal=SPI1_MOSI
PA1.Locked=true
PA5.Locked=true
NVIC.ForceEnableDMAVector=true
KeepUserPlacement=false
NVIC.MemoryManagement_IRQn=true\:0\:0\:false\:false\:true\:false\:false
ProjectManager.CompilerOptimize=6
ProjectManager.ToolChainLocation=
RCC.LSI_VALUE=32000
VP_SYS_VS_Systick.Signal=SYS_VS_Systick
ProjectManager.HeapSize=0x200
NVIC.HardFault_IRQn=true\:0\:0\:false\:false\:true\:false\:false
PH6.Signal=S_TIM12_CH1
ProjectManager.ComputerToolchain=false
RCC.HSI_VALUE=16000000
NVIC.PriorityGroup=NVIC_PRIORITYGROUP_4
NVIC.BusFault_IRQn=true\:0\:0\:false\:false\:true\:false\:false
PC7.Mode=Asynchronous
RCC.SDMMC2Freq_Value=16000000
SPI1.BaudRatePrescaler=SPI_BAUDRATEPRESCALER_32
ProjectManager.CustomerFirmwarePackage=
TIM12.IPParameters=Channel-PWM Generation1 CH1,Pulse-PWM Generation1 CH1,Period
ProjectManager.DeviceId=STM32F723IEKx
ProjectManager.LibraryCopy=1
RCC.PLLSAIQCLKFreq_Value=96000000
PB4.Signal=SPI1_MISO
PA5.Mode=Full_Duplex_Master
isbadioc=false
